{
  "name": "1519-madison-tailgate",
  "version": "1.0.0",
  "lockfileVersion": 3,
  "requires": true,
  "packages": {
    "": {
      "name": "1519-madison-tailgate",
      "version": "1.0.0",
      "dependencies": {
        "@vercel/kv": "^0.2.3",
        "zod": "^3.22.2"
      },
      "engines": {
        "node": ">=20"
      }
    },
    "node_modules/@upstash/redis": {
      "version": "1.24.3",
      "resolved": "https://registry.npmjs.org/@upstash/redis/-/redis-1.24.3.tgz",
      "integrity": "sha512-gw6d4IA1biB4eye5ESaXc0zOlVQI94aptsBvVcTghYWu1kRmOrJFoMFEDCa8p5uzluyYAOFCuY2GWLR6O4ZoIw==",
      "license": "MIT",
      "dependencies": {
        "crypto-js": "^4.2.0"
      }
    },
    "node_modules/@vercel/kv": {
      "version": "0.2.4",
      "resolved": "https://registry.npmjs.org/@vercel/kv/-/kv-0.2.4.tgz",
      "integrity": "sha512-wbIOOXhg6MzmNMzKFSWbbLAS65hCZcJN33z1coENzI1M0fOX55yE9v9LwVGqkzdItp3eZsv6pYvwcmGtllyLTw==",
      "deprecated": "Vercel KV is deprecated. If you had an existing KV store, it should have moved to Upstash Redis which you will see under Vercel Integrations. For new projects, install a Redis integration from Vercel Marketplace: https://vercel.com/marketplace?category=storage&search=redis",
      "license": "Apache-2.0",
      "dependencies": {
        "@upstash/redis": "1.24.3"
      },
      "engines": {
        "node": ">=14.6"
      }
    },
    "node_modules/crypto-js": {
      "version": "4.2.0",
      "resolved": "https://registry.npmjs.org/crypto-js/-/crypto-js-4.2.0.tgz",
      "integrity": "sha512-KALDyEYgpY+Rlob/iriUtjV6d5Eq+Y191A5g4UqLAi8CyGP9N1+FdVbkc1SxKc2r4YAYqG8JzO2KGL+AizD70Q==",
      "deprecated": "Active development of CryptoJS has been discontinued. This library is no longer maintained.",
      "license": "MIT"
    },
    "node_modules/zod": {
      "version": "3.25.76",
      "resolved": "https://registry.npmjs.org/zod/-/zod-3.25.76.tgz",
      "integrity": "sha512-gzUt/qt81nXsFGKIFcC3YnfEAx5NkunCfnDlvuBSSFS02bcXu4Lmea0AFIUwbLWxWPx3d9p8S5QoaujKcNQxcQ==",
      "license": "MIT",
      "funding": {
        "url": "https://github.com/sponsors/colinhacks"
      }
    }
  }
}
